
Microsoft Visual Studio Solution File, Format Version 12.00
# Visual Studio Version 17
VisualStudioVersion = 17.13.35931.197 d17.13
MinimumVisualStudioVersion = 10.0.40219.1
Project("{FAE04EC0-301F-11D3-BF4B-00C04F79EFBC}") = "lesson01", "lesson01.csproj", "{B9282921-E806-42B2-9ADD-471F0F024565}"
EndProject
Global
	GlobalSection(SolutionConfigurationPlatforms) = preSolution
		Debug|Any CPU = Debug|Any CPU
		Release|Any CPU = Release|Any CPU
	EndGlobalSection
	GlobalSection(ProjectConfigurationPlatforms) = postSolution
		{B9282921-E806-42B2-9ADD-471F0F024565}.Debug|Any CPU.ActiveCfg = Debug|Any CPU
		{B9282921-E806-42B2-9ADD-471F0F024565}.Debug|Any CPU.Build.0 = Debug|Any CPU
		{B9282921-E806-42B2-9ADD-471F0F024565}.Release|Any CPU.ActiveCfg = Release|Any CPU
		{B9282921-E806-42B2-9ADD-471F0F024565}.Release|Any CPU.Build.0 = Release|Any CPU
	EndGlobalSection
	GlobalSection(SolutionProperties) = preSolution
		HideSolutionNode = FALSE
	EndGlobalSection
	GlobalSection(ExtensibilityGlobals) = postSolution
		SolutionGuid = {B72CF280-6CF1-4925-AB4F-58F27ACC0443}
	EndGlobalSection
EndGlobal
