
Microsoft Visual Studio Solution File, Format Version 12.00
# Visual Studio Version 17
VisualStudioVersion = 17.13.35931.197 d17.13
MinimumVisualStudioVersion = 10.0.40219.1
Project("{FAE04EC0-301F-11D3-BF4B-00C04F79EFBC}") = "Lesson05Model", "Lesson05Model.csproj", "{67DE0A9D-A6F7-4971-956F-3CB35D8EE289}"
EndProject
Global
	GlobalSection(SolutionConfigurationPlatforms) = preSolution
		Debug|Any CPU = Debug|Any CPU
		Release|Any CPU = Release|Any CPU
	EndGlobalSection
	GlobalSection(ProjectConfigurationPlatforms) = postSolution
		{67DE0A9D-A6F7-4971-956F-3CB35D8EE289}.Debug|Any CPU.ActiveCfg = Debug|Any CPU
		{67DE0A9D-A6F7-4971-956F-3CB35D8EE289}.Debug|Any CPU.Build.0 = Debug|Any CPU
		{67DE0A9D-A6F7-4971-956F-3CB35D8EE289}.Release|Any CPU.ActiveCfg = Release|Any CPU
		{67DE0A9D-A6F7-4971-956F-3CB35D8EE289}.Release|Any CPU.Build.0 = Release|Any CPU
	EndGlobalSection
	GlobalSection(SolutionProperties) = preSolution
		HideSolutionNode = FALSE
	EndGlobalSection
	GlobalSection(ExtensibilityGlobals) = postSolution
		SolutionGuid = {20E6318F-D1CD-4C73-A77C-7699EEA1B432}
	EndGlobalSection
EndGlobal
